
Microsoft Visual Studio Solution File, Format Version 12.00
# Visual Studio Version 17
VisualStudioVersion = 17.5.33627.172
MinimumVisualStudioVersion = 10.0.40219.1
Project("{9A19103F-16F7-4668-BE54-9A1E7A4F7556}") = "KR.Api", "KR.Api\KR.Api.csproj", "{013FD631-7E58-4A40-B0A0-1D8890251FBB}"
EndProject
Project("{9A19103F-16F7-4668-BE54-9A1E7A4F7556}") = "KR.Domains", "KR.Domains\KR.Domains.csproj", "{1020C7D6-62B3-49EC-A613-B9016C5DD234}"
EndProject
Project("{9A19103F-16F7-4668-BE54-9A1E7A4F7556}") = "KR.UI", "KR.UI\KR.UI.csproj", "{4DF52041-8B96-4043-BFFD-0374D1102F03}"
EndProject
Global
	GlobalSection(SolutionConfigurationPlatforms) = preSolution
		Debug|Any CPU = Debug|Any CPU
		Release|Any CPU = Release|Any CPU
	EndGlobalSection
	GlobalSection(ProjectConfigurationPlatforms) = postSolution
		{013FD631-7E58-4A40-B0A0-1D8890251FBB}.Debug|Any CPU.ActiveCfg = Debug|Any CPU
		{013FD631-7E58-4A40-B0A0-1D8890251FBB}.Debug|Any CPU.Build.0 = Debug|Any CPU
		{013FD631-7E58-4A40-B0A0-1D8890251FBB}.Release|Any CPU.ActiveCfg = Release|Any CPU
		{013FD631-7E58-4A40-B0A0-1D8890251FBB}.Release|Any CPU.Build.0 = Release|Any CPU
		{1020C7D6-62B3-49EC-A613-B9016C5DD234}.Debug|Any CPU.ActiveCfg = Debug|Any CPU
		{1020C7D6-62B3-49EC-A613-B9016C5DD234}.Debug|Any CPU.Build.0 = Debug|Any CPU
		{1020C7D6-62B3-49EC-A613-B9016C5DD234}.Release|Any CPU.ActiveCfg = Release|Any CPU
		{1020C7D6-62B3-49EC-A613-B9016C5DD234}.Release|Any CPU.Build.0 = Release|Any CPU
		{4DF52041-8B96-4043-BFFD-0374D1102F03}.Debug|Any CPU.ActiveCfg = Debug|Any CPU
		{4DF52041-8B96-4043-BFFD-0374D1102F03}.Debug|Any CPU.Build.0 = Debug|Any CPU
		{4DF52041-8B96-4043-BFFD-0374D1102F03}.Release|Any CPU.ActiveCfg = Release|Any CPU
		{4DF52041-8B96-4043-BFFD-0374D1102F03}.Release|Any CPU.Build.0 = Release|Any CPU
	EndGlobalSection
	GlobalSection(SolutionProperties) = preSolution
		HideSolutionNode = FALSE
	EndGlobalSection
	GlobalSection(ExtensibilityGlobals) = postSolution
		SolutionGuid = {792E18D8-BC7C-4701-8A51-79A1EDEAE08D}
	EndGlobalSection
EndGlobal
